// !$*UTF8*$!
{
	archiveVersion = 1;
	classes = {
	};
	objectVersion = 56;
	objects = {

/* Begin PBXBuildFile section */
		C10000010000000000000002 /* MangaImageService.swift in Sources */ = {isa = PBXBuildFile; fileRef = C10000010000000000000001 /* MangaImageService.swift */; };
		C10000030000000000000002 /* MangaImageExtractor.swift in Sources */ = {isa = PBXBuildFile; fileRef = C10000030000000000000001 /* MangaImageExtractor.swift */; };
		C10000040000000000000002 /* MangaImageNormalizer.swift in Sources */ = {isa = PBXBuildFile; fileRef = C10000040000000000000001 /* MangaImageNormalizer.swift */; };
		C10000050000000000000002 /* MangaImageNormalizationRules.swift in Sources */ = {isa = PBXBuildFile; fileRef = C10000050000000000000001 /* MangaImageNormalizationRules.swift */; };
		CB32C6E6EEB05D59848CC517 /* MangaAntiScrapingService.swift in Sources */ = {isa = PBXBuildFile; fileRef = CA1D6F0B56486D3FEE732E99 /* MangaAntiScrapingService.swift */; };
		C10000020000000000000002 /* OfflineDownloadManager.swift in Sources */ = {isa = PBXBuildFile; fileRef = C10000020000000000000001 /* OfflineDownloadManager.swift */; };
		C10000060000000000000002 /* PackageDownloadManager.swift in Sources */ = {isa = PBXBuildFile; fileRef = C10000060000000000000001 /* PackageDownloadManager.swift */; };
		D50000020000000000000001 /* DisplayRateManager.swift in Sources */ = {isa = PBXBuildFile; fileRef = D50000010000000000000001 /* DisplayRateManager.swift */; };
		C20000000000000000000003 /* ZIPFoundation in Frameworks */ = {isa = PBXBuildFile; productRef = C20000000000000000000002 /* ZIPFoundation */; };
		2A83F7C979DC464A96CE4D4C /* BookSearchView.swift in Sources */ = {isa = PBXBuildFile; fileRef = BAB63DA0BD6B444CB662FB56 /* BookSearchView.swift */; };
		72FDB17ADA4241E9BF6A5BB9 /* BookSearchViewModel.swift in Sources */ = {isa = PBXBuildFile; fileRef = 0A79963738344134ACDF2305 /* BookSearchViewModel.swift */; };
		1A000001000000000000001 /* ReadAppApp.swift in Sources */ = {isa = PBXBuildFile; fileRef = 1A000002000000000000001 /* ReadAppApp.swift */; };
		D10000010000000000000002 /* AppDelegate.swift in Sources */ = {isa = PBXBuildFile; fileRef = D10000010000000000000001 /* AppDelegate.swift */; };
		1A000003000000000000001 /* ContentView.swift in Sources */ = {isa = PBXBuildFile; fileRef = 1A000004000000000000001 /* ContentView.swift */; };
		1A000013000000000000001 /* ReadingView.swift in Sources */ = {isa = PBXBuildFile; fileRef = 1A000014000000000000001 /* ReadingView.swift */; };
		1A000098000000000000001 /* VerticalTextReader.swift in Sources */ = {isa = PBXBuildFile; fileRef = 1A000099000000000000001 /* VerticalTextReader.swift */; };
		1A0000AB000000000000001 /* ReaderContainer.swift in Sources */ = {isa = PBXBuildFile; fileRef = 1A0000AA000000000000001 /* ReaderContainer.swift */; };
		1A0000AB000000000000005 /* HorizontalCollectionViewController.swift in Sources */ = {isa = PBXBuildFile; fileRef = 1A0000AC000000000000005 /* HorizontalCollectionViewController.swift */; };
		A20000080000000000000001 /* BookshelfStore.swift in Sources */ = {isa = PBXBuildFile; fileRef = A20000010000000000000001 /* BookshelfStore.swift */; };
		A20000090000000000000001 /* SourceStore.swift in Sources */ = {isa = PBXBuildFile; fileRef = A20000020000000000000001 /* SourceStore.swift */; };
		A200000A0000000000000001 /* FontManager.swift in Sources */ = {isa = PBXBuildFile; fileRef = A20000030000000000000001 /* FontManager.swift */; };
		A200000B0000000000000001 /* ReaderFontProvider.swift in Sources */ = {isa = PBXBuildFile; fileRef = A20000040000000000000001 /* ReaderFontProvider.swift */; };
		A200000C0000000000000001 /* ReadingThemeColors.swift in Sources */ = {isa = PBXBuildFile; fileRef = A20000050000000000000001 /* ReadingThemeColors.swift */; };
		A200000D0000000000000001 /* BookshelfListViewModel.swift in Sources */ = {isa = PBXBuildFile; fileRef = A20000060000000000000001 /* BookshelfListViewModel.swift */; };
		A200000E0000000000000001 /* CachedRemoteImage.swift in Sources */ = {isa = PBXBuildFile; fileRef = A20000070000000000000001 /* CachedRemoteImage.swift */; };
		A200000F0000000000000001 /* ImageCache.swift in Sources */ = {isa = PBXBuildFile; fileRef = A20000110000000000000001 /* ImageCache.swift */; };
		1A0000BA000000000000001 /* ReaderContainer+Loading.swift in Sources */ = {isa = PBXBuildFile; fileRef = 1A0000AC000000000000001 /* ReaderContainer+Loading.swift */; };
		1A0000BB000000000000001 /* ReaderContainer+Navigation.swift in Sources */ = {isa = PBXBuildFile; fileRef = 1A0000AD000000000000001 /* ReaderContainer+Navigation.swift */; };
		1A0000BC000000000000001 /* ReaderContainer+Layout.swift in Sources */ = {isa = PBXBuildFile; fileRef = 1A0000AE000000000000001 /* ReaderContainer+Layout.swift */; };
		1A0000BD000000000000001 /* ReaderContainer+Prefetch.swift in Sources */ = {isa = PBXBuildFile; fileRef = 1A0000AF000000000000001 /* ReaderContainer+Prefetch.swift */; };
		1A0000F20000000000000001 /* ReaderPrefetchCoordinator.swift in Sources */ = {isa = PBXBuildFile; fileRef = 1A0000F10000000000000001 /* ReaderPrefetchCoordinator.swift */; };
		1A0001F60000000000000001 /* ReaderInteractionCoordinator.swift in Sources */ = {isa = PBXBuildFile; fileRef = 1A0001F50000000000000001 /* ReaderInteractionCoordinator.swift */; };
		1A0001F80000000000000001 /* ReaderLayoutManager.swift in Sources */ = {isa = PBXBuildFile; fileRef = 1A0001F70000000000000001 /* ReaderLayoutManager.swift */; };
		1A0000F40000000000000001 /* TTSReadingSyncCoordinator.swift in Sources */ = {isa = PBXBuildFile; fileRef = 1A0000F30000000000000001 /* TTSReadingSyncCoordinator.swift */; };
		1A0000C2000000000000001 /* ReadingControls.swift in Sources */ = {isa = PBXBuildFile; fileRef = 1A0000B2000000000000001 /* ReadingControls.swift */; };
		1A0000C3000000000000001 /* ReadingCoreTypes.swift in Sources */ = {isa = PBXBuildFile; fileRef = 1A0000B3000000000000001 /* ReadingCoreTypes.swift */; };
		1A0000C4000000000000001 /* ReadingSubViews.swift in Sources */ = {isa = PBXBuildFile; fileRef = 1A0000B4000000000000001 /* ReadingSubViews.swift */; };
		1A0000C5000000000000001 /* ReadingTextKit2Support.swift in Sources */ = {isa = PBXBuildFile; fileRef = 1A0000B5000000000000001 /* ReadingTextKit2Support.swift */; };
		1A0000C6000000000000001 /* ReadingMangaViews.swift in Sources */ = {isa = PBXBuildFile; fileRef = 1A0000B6000000000000001 /* ReadingMangaViews.swift */; };
		1A0000FA000000000000001 /* ImagePreviewViewController.swift in Sources */ = {isa = PBXBuildFile; fileRef = 1A0000F9000000000000001 /* ImagePreviewViewController.swift */; };
		1A0000FC000000000000001 /* ActivityView.swift in Sources */ = {isa = PBXBuildFile; fileRef = 1A0000FB000000000000001 /* ActivityView.swift */; };
		1A0000FE000000000000001 /* ToastView.swift in Sources */ = {isa = PBXBuildFile; fileRef = 1A0000FD000000000000001 /* ToastView.swift */; };
		1A000100000000000000001 /* SelectableMessageSheet.swift in Sources */ = {isa = PBXBuildFile; fileRef = 1A0000FF000000000000001 /* SelectableMessageSheet.swift */; };
		1A000140000000000000001 /* MarqueeText.swift in Sources */ = {isa = PBXBuildFile; fileRef = 1A000141000000000000001 /* MarqueeText.swift */; };
		1A000102000000000000001 /* AudioReadingView.swift in Sources */ = {isa = PBXBuildFile; fileRef = 1A000101000000000000001 /* AudioReadingView.swift */; };
		1A0000C7000000000000001 /* ReadingChapterLifecycle.swift in Sources */ = {isa = PBXBuildFile; fileRef = 1A0000B7000000000000001 /* ReadingChapterLifecycle.swift */; };
		1A0000C8000000000000001 /* ReadingContentProcessing.swift in Sources */ = {isa = PBXBuildFile; fileRef = 1A0000B8000000000000001 /* ReadingContentProcessing.swift */; };
		1A0000C9000000000000001 /* ReadingProgress.swift in Sources */ = {isa = PBXBuildFile; fileRef = 1A0000B9000000000000001 /* ReadingProgress.swift */; };
		1A0000D3000000000000001 /* ChapterPrefetcher.swift in Sources */ = {isa = PBXBuildFile; fileRef = 1A0000D0000000000000001 /* ChapterPrefetcher.swift */; };
		1A0000D4000000000000001 /* ReadingPosition.swift in Sources */ = {isa = PBXBuildFile; fileRef = 1A0000D1000000000000001 /* ReadingPosition.swift */; };
		1A0000FA000000000000010 /* ReaderMath.swift in Sources */ = {isa = PBXBuildFile; fileRef = 1A0000F90000000000000010 /* ReaderMath.swift */; };
		1A0000FB000000000000010 /* ReaderProgressFormatter.swift in Sources */ = {isa = PBXBuildFile; fileRef = 1A0000FA0000000000000010 /* ReaderProgressFormatter.swift */; };
		1A0000FC000000000000010 /* ReaderSeamlessSwitchCoordinator.swift in Sources */ = {isa = PBXBuildFile; fileRef = 1A0000FB0000000000000010 /* ReaderSeamlessSwitchCoordinator.swift */; };
		1A0000FD000000000000010 /* ReaderTextPositioning.swift in Sources */ = {isa = PBXBuildFile; fileRef = 1A0000FC0000000000000010 /* ReaderTextPositioning.swift */; };
		1A0000FE000000000000010 /* ReaderTransitionCoordinator.swift in Sources */ = {isa = PBXBuildFile; fileRef = 1A0000FD0000000000000010 /* ReaderTransitionCoordinator.swift */; };
		1A000110000000000000010 /* ReaderTTSBridge.swift in Sources */ = {isa = PBXBuildFile; fileRef = 1A00010F0000000000000010 /* ReaderTTSBridge.swift */; };
		1A000112000000000000010 /* ReaderPositionCalculator.swift in Sources */ = {isa = PBXBuildFile; fileRef = 1A0001110000000000000010 /* ReaderPositionCalculator.swift */; };
		1A000114000000000000010 /* ReaderTTSContextBuilder.swift in Sources */ = {isa = PBXBuildFile; fileRef = 1A0001130000000000000010 /* ReaderTTSContextBuilder.swift */; };
		1A000116000000000000010 /* ReaderPositionContextBuilder.swift in Sources */ = {isa = PBXBuildFile; fileRef = 1A0001150000000000000010 /* ReaderPositionContextBuilder.swift */; };
		1A000118000000000000010 /* ReaderModeControllerFactory.swift in Sources */ = {isa = PBXBuildFile; fileRef = 1A0001170000000000000010 /* ReaderModeControllerFactory.swift */; };
		1A00011A000000000000010 /* ReaderProgressCoordinator.swift in Sources */ = {isa = PBXBuildFile; fileRef = 1A0001190000000000000010 /* ReaderProgressCoordinator.swift */; };
		1A00011C000000000000010 /* ReaderModeSwitchCoordinator.swift in Sources */ = {isa = PBXBuildFile; fileRef = 1A00011B0000000000000010 /* ReaderModeSwitchCoordinator.swift */; };
		1A00011E000000000000010 /* ReaderModeSwitchContextBuilder.swift in Sources */ = {isa = PBXBuildFile; fileRef = 1A00011D0000000000000010 /* ReaderModeSwitchContextBuilder.swift */; };
		1A00110100000000000001 /* KeychainHelper.swift in Sources */ = {isa = PBXBuildFile; fileRef = 1A00110000000000000001 /* KeychainHelper.swift */; };
		1A00100100000000000001 /* MangaReaderViewController.swift in Sources */ = {isa = PBXBuildFile; fileRef = 1A00100000000000000001 /* MangaReaderViewController.swift */; };
		1A00120100000000000001 /* MangaReaderViewControllerLegacy.swift in Sources */ = {isa = PBXBuildFile; fileRef = 1A00120000000000000001 /* MangaReaderViewControllerLegacy.swift */; };
		1A0000D5000000000000001 /* TTSSyncController.swift in Sources */ = {isa = PBXBuildFile; fileRef = 1A0000D2000000000000001 /* TTSSyncController.swift */; };
		1A000005000000000000001 /* Assets.xcassets in Resources */ = {isa = PBXBuildFile; fileRef = 1A000006000000000000001 /* Assets.xcassets */; };
		1A000007000000000000001 /* APIService.swift in Sources */ = {isa = PBXBuildFile; fileRef = 1A000008000000000000001 /* APIService.swift */; };
		A10000010000000000000001 /* APIClient.swift in Sources */ = {isa = PBXBuildFile; fileRef = A10000020000000000000001 /* APIClient.swift */; };
		A10000030000000000000001 /* AuthService.swift in Sources */ = {isa = PBXBuildFile; fileRef = A10000040000000000000001 /* AuthService.swift */; };
		A10000050000000000000001 /* BooksService.swift in Sources */ = {isa = PBXBuildFile; fileRef = A10000060000000000000001 /* BooksService.swift */; };
		D10000020000000000000002 /* BookUploadService.swift in Sources */ = {isa = PBXBuildFile; fileRef = D10000020000000000000001 /* BookUploadService.swift */; };
		D10000030000000000000002 /* InlineImageAttachment.swift in Sources */ = {isa = PBXBuildFile; fileRef = D10000030000000000000001 /* InlineImageAttachment.swift */; };
		A10000070000000000000001 /* BookSourceService.swift in Sources */ = {isa = PBXBuildFile; fileRef = A10000080000000000000001 /* BookSourceService.swift */; };
		A10000090000000000000001 /* ReplaceRuleService.swift in Sources */ = {isa = PBXBuildFile; fileRef = A100000A0000000000000001 /* ReplaceRuleService.swift */; };
		A100000B0000000000000001 /* TTSService.swift in Sources */ = {isa = PBXBuildFile; fileRef = A100000C0000000000000001 /* TTSService.swift */; };
		A100000D0000000000000001 /* CacheManagementService.swift in Sources */ = {isa = PBXBuildFile; fileRef = A100000E0000000000000001 /* CacheManagementService.swift */; };
		A100000F0000000000000001 /* ChapterContentCache.swift in Sources */ = {isa = PBXBuildFile; fileRef = A10000100000000000000001 /* ChapterContentCache.swift */; };
		A10000110000000000000001 /* Data+Append.swift in Sources */ = {isa = PBXBuildFile; fileRef = A10000120000000000000001 /* Data+Append.swift */; };
		A10000130000000000000001 /* ReadingTextProcessor.swift in Sources */ = {isa = PBXBuildFile; fileRef = A10000140000000000000001 /* ReadingTextProcessor.swift */; };
		A10000170000000000000001 /* ApiEndpoints.swift in Sources */ = {isa = PBXBuildFile; fileRef = A10000180000000000000001 /* ApiEndpoints.swift */; };
		A10000270000000000000001 /* ApiBackend.swift in Sources */ = {isa = PBXBuildFile; fileRef = A10000280000000000000001 /* ApiBackend.swift */; };
		A10000290000000000000001 /* ApiEndpointsReader.swift in Sources */ = {isa = PBXBuildFile; fileRef = A100002A0000000000000001 /* ApiEndpointsReader.swift */; };
		A10000150000000000000001 /* ReaderChapterBuilder.swift in Sources */ = {isa = PBXBuildFile; fileRef = A10000160000000000000001 /* ReaderChapterBuilder.swift */; };
		1A0000F60000000000000001 /* APIModels.swift in Sources */ = {isa = PBXBuildFile; fileRef = 1A0000F50000000000000001 /* APIModels.swift */; };
		1A0000F80000000000000001 /* BookModels.swift in Sources */ = {isa = PBXBuildFile; fileRef = 1A0000F70000000000000001 /* BookModels.swift */; };
		1A0000FA0000000000000001 /* ReplaceRuleModels.swift in Sources */ = {isa = PBXBuildFile; fileRef = 1A0000F90000000000000001 /* ReplaceRuleModels.swift */; };
		1A0000FC0000000000000001 /* TtsModels.swift in Sources */ = {isa = PBXBuildFile; fileRef = 1A0000FB0000000000000001 /* TtsModels.swift */; };
		1A0000FE0000000000000001 /* ReadingSettingsModels.swift in Sources */ = {isa = PBXBuildFile; fileRef = 1A0000FD0000000000000001 /* ReadingSettingsModels.swift */; };
		1A0001000000000000000001 /* UserPreferences.swift in Sources */ = {isa = PBXBuildFile; fileRef = 1A0000FF0000000000000001 /* UserPreferences.swift */; };
		1A0001020000000000000001 /* ReaderSettingsStore.swift in Sources */ = {isa = PBXBuildFile; fileRef = 1A0001010000000000000001 /* ReaderSettingsStore.swift */; };
		1A000011000000000000001 /* BookListView.swift in Sources */ = {isa = PBXBuildFile; fileRef = 1A000012000000000000001 /* BookListView.swift */; };
		1A000015000000000000001 /* TTSManager.swift in Sources */ = {isa = PBXBuildFile; fileRef = 1A000016000000000000001 /* TTSManager.swift */; };
		1A000017000000000000001 /* SettingsView.swift in Sources */ = {isa = PBXBuildFile; fileRef = 1A000018000000000000001 /* SettingsView.swift */; };
		1A000047000000000000006 /* SettingsSubviews.swift in Sources */ = {isa = PBXBuildFile; fileRef = 1A000048000000000000006 /* SettingsSubviews.swift */; };
		1A000019000000000000001 /* TTSSelectionView.swift in Sources */ = {isa = PBXBuildFile; fileRef = 1A000020000000000000002 /* TTSSelectionView.swift */; };
		1A000021000000000000002 /* LoginView.swift in Sources */ = {isa = PBXBuildFile; fileRef = 1A000022000000000000002 /* LoginView.swift */; };
		1A000023000000000000002 /* LogManager.swift in Sources */ = {isa = PBXBuildFile; fileRef = 1A000024000000000000002 /* LogManager.swift */; };
		1A000025000000000000002 /* HTMLContentView.swift in Sources */ = {isa = PBXBuildFile; fileRef = 1A000026000000000000002 /* HTMLContentView.swift */; };
		1A000028000000000000003 /* DocumentPicker.swift in Sources */ = {isa = PBXBuildFile; fileRef = 1A000027000000000000003 /* DocumentPicker.swift */; };
		1A00002A000000000000003 /* ReplaceRuleListView.swift in Sources */ = {isa = PBXBuildFile; fileRef = 1A00002D000000000000003 /* ReplaceRuleListView.swift */; };
		1A00002B000000000000003 /* ReplaceRuleEditView.swift in Sources */ = {isa = PBXBuildFile; fileRef = 1A00002E000000000000003 /* ReplaceRuleEditView.swift */; };
		1A00002C000000000000003 /* ReplaceRuleViewModel.swift in Sources */ = {isa = PBXBuildFile; fileRef = 1A00002F000000000000003 /* ReplaceRuleViewModel.swift */; };
		1A00003A000000000000003 /* BookSource.swift in Sources */ = {isa = PBXBuildFile; fileRef = 1A000039000000000000003 /* BookSource.swift */; };
		1A00003C000000000000003 /* SourceListViewModel.swift in Sources */ = {isa = PBXBuildFile; fileRef = 1A00003B000000000000003 /* SourceListViewModel.swift */; };
		1A00003E000000000000003 /* SourceListView.swift in Sources */ = {isa = PBXBuildFile; fileRef = 1A00003D000000000000003 /* SourceListView.swift */; };
		F10000010000000000000002 /* SourceExploreContainerView.swift in Sources */ = {isa = PBXBuildFile; fileRef = F10000010000000000000001 /* SourceExploreContainerView.swift */; };
		1A000040000000000000003 /* SourceEditView.swift in Sources */ = {isa = PBXBuildFile; fileRef = 1A00003F000000000000003 /* SourceEditView.swift */; };
		1A000042000000000000004 /* BookDetailView.swift in Sources */ = {isa = PBXBuildFile; fileRef = 1A000041000000000000004 /* BookDetailView.swift */; };
		1A000044000000000000004 /* LocalCacheManager.swift in Sources */ = {isa = PBXBuildFile; fileRef = 1A000043000000000000004 /* LocalCacheManager.swift */; };
		1A000046000000000000005 /* CacheManagementView.swift in Sources */ = {isa = PBXBuildFile; fileRef = 1A000045000000000000005 /* CacheManagementView.swift */; };
		7B4B2D6E5A2A4C7AA1F0B001 /* ViewExtensions.swift in Sources */ = {isa = PBXBuildFile; fileRef = 7B4B2D6E5A2A4C7AA1F0A001 /* ViewExtensions.swift */; };
		7B4B2D6E5A2A4C7AA1F0B008 /* LiquidBackgroundView.swift in Sources */ = {isa = PBXBuildFile; fileRef = 7B4B2D6E5A2A4C7AA1F0A008 /* LiquidBackgroundView.swift */; };
		7B4B2D6E5A2A4C7AA1F0B009 /* DisplaySettingsView.swift in Sources */ = {isa = PBXBuildFile; fileRef = 7B4B2D6E5A2A4C7AA1F0A009 /* DisplaySettingsView.swift */; };
		7B4B2D6E5A2A4C7AA1F0B002 /* TTSEngineListView.swift in Sources */ = {isa = PBXBuildFile; fileRef = 7B4B2D6E5A2A4C7AA1F0A002 /* TTSEngineListView.swift */; };
		7B4B2D6E5A2A4C7AA1F0B003 /* TTSEngineEditView.swift in Sources */ = {isa = PBXBuildFile; fileRef = 7B4B2D6E5A2A4C7AA1F0A003 /* TTSEngineEditView.swift */; };
		7B4B2D6E5A2A4C7AA1F0B004 /* BookSearchResultRow.swift in Sources */ = {isa = PBXBuildFile; fileRef = 7B4B2D6E5A2A4C7AA1F0A004 /* BookSearchResultRow.swift */; };
		7B4B2D6E5A2A4C7AA1F0B005 /* SourceExploreView.swift in Sources */ = {isa = PBXBuildFile; fileRef = 7B4B2D6E5A2A4C7AA1F0A005 /* SourceExploreView.swift */; };
		7B4B2D6E5A2A4C7AA1F0B006 /* FullBookSource.swift in Sources */ = {isa = PBXBuildFile; fileRef = 7B4B2D6E5A2A4C7AA1F0A006 /* FullBookSource.swift */; };
		7B4B2D6E5A2A4C7AA1F0B007 /* LogView.swift in Sources */ = {isa = PBXBuildFile; fileRef = 7B4B2D6E5A2A4C7AA1F0A007 /* LogView.swift */; };
		B10000020000000000000001 /* RssModels.swift in Sources */ = {isa = PBXBuildFile; fileRef = B10000010000000000000001 /* RssModels.swift */; };
		B10000040000000000000001 /* RssService.swift in Sources */ = {isa = PBXBuildFile; fileRef = B10000030000000000000001 /* RssService.swift */; };
		B10000060000000000000001 /* RssSourcesViewModel.swift in Sources */ = {isa = PBXBuildFile; fileRef = B10000050000000000000001 /* RssSourcesViewModel.swift */; };
		B10000080000000000000001 /* RssSourcesView.swift in Sources */ = {isa = PBXBuildFile; fileRef = B10000070000000000000001 /* RssSourcesView.swift */; };
		B10000110000000000000001 /* LocalRssSourceStore.swift in Sources */ = {isa = PBXBuildFile; fileRef = B10000100000000000000001 /* LocalRssSourceStore.swift */; };
		B10000130000000000000001 /* RssSourceEditView.swift in Sources */ = {isa = PBXBuildFile; fileRef = B10000120000000000000001 /* RssSourceEditView.swift */; };
		B10000150000000000000001 /* RssSourceDetailView.swift in Sources */ = {isa = PBXBuildFile; fileRef = B10000140000000000000001 /* RssSourceDetailView.swift */; };
/* End PBXBuildFile section */

/* Begin PBXFileReference section */
		C10000010000000000000001 /* MangaImageService.swift */ = {isa = PBXFileReference; lastKnownFileType = sourcecode.swift; path = MangaImageService.swift; sourceTree = "<group>"; };
		C10000030000000000000001 /* MangaImageExtractor.swift */ = {isa = PBXFileReference; lastKnownFileType = sourcecode.swift; path = MangaImageExtractor.swift; sourceTree = "<group>"; };
		C10000040000000000000001 /* MangaImageNormalizer.swift */ = {isa = PBXFileReference; lastKnownFileType = sourcecode.swift; path = MangaImageNormalizer.swift; sourceTree = "<group>"; };
		C10000050000000000000001 /* MangaImageNormalizationRules.swift */ = {isa = PBXFileReference; lastKnownFileType = sourcecode.swift; path = MangaImageNormalizationRules.swift; sourceTree = "<group>"; };
		C10000020000000000000001 /* OfflineDownloadManager.swift */ = {isa = PBXFileReference; lastKnownFileType = sourcecode.swift; path = OfflineDownloadManager.swift; sourceTree = "<group>"; };
		C10000060000000000000001 /* PackageDownloadManager.swift */ = {isa = PBXFileReference; lastKnownFileType = sourcecode.swift; path = PackageDownloadManager.swift; sourceTree = "<group>"; };
		CA1D6F0B56486D3FEE732E99 /* MangaAntiScrapingService.swift */ = {isa = PBXFileReference; lastKnownFileType = sourcecode.swift; path = MangaAntiScrapingService.swift; sourceTree = "<group>"; };
		BAB63DA0BD6B444CB662FB56 /* BookSearchView.swift */ = {isa = PBXFileReference; lastKnownFileType = sourcecode.swift; path = BookSearchView.swift; sourceTree = "<group>"; };
		0A79963738344134ACDF2305 /* BookSearchViewModel.swift */ = {isa = PBXFileReference; lastKnownFileType = sourcecode.swift; path = BookSearchViewModel.swift; sourceTree = "<group>"; };
		1A000002000000000000001 /* ReadAppApp.swift */ = {isa = PBXFileReference; lastKnownFileType = sourcecode.swift; path = ReadAppApp.swift; sourceTree = "<group>"; };
		D10000010000000000000001 /* AppDelegate.swift */ = {isa = PBXFileReference; lastKnownFileType = sourcecode.swift; path = AppDelegate.swift; sourceTree = "<group>"; };
		1A000004000000000000001 /* ContentView.swift */ = {isa = PBXFileReference; lastKnownFileType = sourcecode.swift; path = ContentView.swift; sourceTree = "<group>"; };
		1A000014000000000000001 /* ReadingView.swift */ = {isa = PBXFileReference; lastKnownFileType = sourcecode.swift; path = ReadingView.swift; sourceTree = "<group>"; };
		1A000099000000000000001 /* VerticalTextReader.swift */ = {isa = PBXFileReference; lastKnownFileType = sourcecode.swift; path = VerticalTextReader.swift; sourceTree = "<group>"; };
		1A0000AA000000000000001 /* ReaderContainer.swift */ = {isa = PBXFileReference; lastKnownFileType = sourcecode.swift; path = ReaderContainer.swift; sourceTree = "<group>"; };
		1A0000AC000000000000005 /* HorizontalCollectionViewController.swift */ = {isa = PBXFileReference; lastKnownFileType = sourcecode.swift; path = HorizontalCollectionViewController.swift; sourceTree = "<group>"; };
		A20000010000000000000001 /* BookshelfStore.swift */ = {isa = PBXFileReference; lastKnownFileType = sourcecode.swift; path = BookshelfStore.swift; sourceTree = "<group>"; };
		A20000020000000000000001 /* SourceStore.swift */ = {isa = PBXFileReference; lastKnownFileType = sourcecode.swift; path = SourceStore.swift; sourceTree = "<group>"; };
		A20000030000000000000001 /* FontManager.swift */ = {isa = PBXFileReference; lastKnownFileType = sourcecode.swift; path = FontManager.swift; sourceTree = "<group>"; };
		A20000040000000000000001 /* ReaderFontProvider.swift */ = {isa = PBXFileReference; lastKnownFileType = sourcecode.swift; path = ReaderFontProvider.swift; sourceTree = "<group>"; };
		A20000050000000000000001 /* ReadingThemeColors.swift */ = {isa = PBXFileReference; lastKnownFileType = sourcecode.swift; path = ReadingThemeColors.swift; sourceTree = "<group>"; };
		A20000060000000000000001 /* BookshelfListViewModel.swift */ = {isa = PBXFileReference; lastKnownFileType = sourcecode.swift; path = BookshelfListViewModel.swift; sourceTree = "<group>"; };
		A20000070000000000000001 /* CachedRemoteImage.swift */ = {isa = PBXFileReference; lastKnownFileType = sourcecode.swift; path = CachedRemoteImage.swift; sourceTree = "<group>"; };
		A20000110000000000000001 /* ImageCache.swift */ = {isa = PBXFileReference; lastKnownFileType = sourcecode.swift; path = ImageCache.swift; sourceTree = "<group>"; };
		1A0000AC000000000000001 /* ReaderContainer+Loading.swift */ = {isa = PBXFileReference; lastKnownFileType = sourcecode.swift; path = "ReaderContainer+Loading.swift"; sourceTree = "<group>"; };
		1A0000AD000000000000001 /* ReaderContainer+Navigation.swift */ = {isa = PBXFileReference; lastKnownFileType = sourcecode.swift; path = "ReaderContainer+Navigation.swift"; sourceTree = "<group>"; };
		1A0000AE000000000000001 /* ReaderContainer+Layout.swift */ = {isa = PBXFileReference; lastKnownFileType = sourcecode.swift; path = "ReaderContainer+Layout.swift"; sourceTree = "<group>"; };
		1A0000AF000000000000001 /* ReaderContainer+Prefetch.swift */ = {isa = PBXFileReference; lastKnownFileType = sourcecode.swift; path = "ReaderContainer+Prefetch.swift"; sourceTree = "<group>"; };
		1A0000F10000000000000001 /* ReaderPrefetchCoordinator.swift */ = {isa = PBXFileReference; lastKnownFileType = sourcecode.swift; path = ReaderPrefetchCoordinator.swift; sourceTree = "<group>"; };
		1A0001F50000000000000001 /* ReaderInteractionCoordinator.swift */ = {isa = PBXFileReference; lastKnownFileType = sourcecode.swift; path = ReaderInteractionCoordinator.swift; sourceTree = "<group>"; };
		1A0001F70000000000000001 /* ReaderLayoutManager.swift */ = {isa = PBXFileReference; lastKnownFileType = sourcecode.swift; path = ReaderLayoutManager.swift; sourceTree = "<group>"; };
		1A0000F30000000000000001 /* TTSReadingSyncCoordinator.swift */ = {isa = PBXFileReference; lastKnownFileType = sourcecode.swift; path = TTSReadingSyncCoordinator.swift; sourceTree = "<group>"; };
		1A0000B2000000000000001 /* ReadingControls.swift */ = {isa = PBXFileReference; lastKnownFileType = sourcecode.swift; path = ReadingControls.swift; sourceTree = "<group>"; };
		1A0000B3000000000000001 /* ReadingCoreTypes.swift */ = {isa = PBXFileReference; lastKnownFileType = sourcecode.swift; path = ReadingCoreTypes.swift; sourceTree = "<group>"; };
		1A0000B4000000000000001 /* ReadingSubViews.swift */ = {isa = PBXFileReference; lastKnownFileType = sourcecode.swift; path = ReadingSubViews.swift; sourceTree = "<group>"; };
		1A0000B5000000000000001 /* ReadingTextKit2Support.swift */ = {isa = PBXFileReference; lastKnownFileType = sourcecode.swift; path = ReadingTextKit2Support.swift; sourceTree = "<group>"; };
		1A0000B6000000000000001 /* ReadingMangaViews.swift */ = {isa = PBXFileReference; lastKnownFileType = sourcecode.swift; path = ReadingMangaViews.swift; sourceTree = "<group>"; };
		1A0000F9000000000000001 /* ImagePreviewViewController.swift */ = {isa = PBXFileReference; lastKnownFileType = sourcecode.swift; path = ImagePreviewViewController.swift; sourceTree = "<group>"; };
		1A0000FB000000000000001 /* ActivityView.swift */ = {isa = PBXFileReference; lastKnownFileType = sourcecode.swift; path = ActivityView.swift; sourceTree = "<group>"; };
		1A0000FD000000000000001 /* ToastView.swift */ = {isa = PBXFileReference; lastKnownFileType = sourcecode.swift; path = ToastView.swift; sourceTree = "<group>"; };
		1A0000FF000000000000001 /* SelectableMessageSheet.swift */ = {isa = PBXFileReference; lastKnownFileType = sourcecode.swift; path = SelectableMessageSheet.swift; sourceTree = "<group>"; };
		1A000141000000000000001 /* MarqueeText.swift */ = {isa = PBXFileReference; lastKnownFileType = sourcecode.swift; path = MarqueeText.swift; sourceTree = "<group>"; };
		1A000101000000000000001 /* AudioReadingView.swift */ = {isa = PBXFileReference; lastKnownFileType = sourcecode.swift; path = AudioReadingView.swift; sourceTree = "<group>"; };
		1A0000B7000000000000001 /* ReadingChapterLifecycle.swift */ = {isa = PBXFileReference; lastKnownFileType = sourcecode.swift; path = ReadingChapterLifecycle.swift; sourceTree = "<group>"; };
		1A0000B8000000000000001 /* ReadingContentProcessing.swift */ = {isa = PBXFileReference; lastKnownFileType = sourcecode.swift; path = ReadingContentProcessing.swift; sourceTree = "<group>"; };
		1A0000B9000000000000001 /* ReadingProgress.swift */ = {isa = PBXFileReference; lastKnownFileType = sourcecode.swift; path = ReadingProgress.swift; sourceTree = "<group>"; };
		1A0000D0000000000000001 /* ChapterPrefetcher.swift */ = {isa = PBXFileReference; lastKnownFileType = sourcecode.swift; path = ChapterPrefetcher.swift; sourceTree = "<group>"; };
		1A0000D1000000000000001 /* ReadingPosition.swift */ = {isa = PBXFileReference; lastKnownFileType = sourcecode.swift; path = ReadingPosition.swift; sourceTree = "<group>"; };
		1A0000F90000000000000010 /* ReaderMath.swift */ = {isa = PBXFileReference; lastKnownFileType = sourcecode.swift; path = ReaderMath.swift; sourceTree = "<group>"; };
		1A0000FA0000000000000010 /* ReaderProgressFormatter.swift */ = {isa = PBXFileReference; lastKnownFileType = sourcecode.swift; path = ReaderProgressFormatter.swift; sourceTree = "<group>"; };
		1A0000FB0000000000000010 /* ReaderSeamlessSwitchCoordinator.swift */ = {isa = PBXFileReference; lastKnownFileType = sourcecode.swift; path = ReaderSeamlessSwitchCoordinator.swift; sourceTree = "<group>"; };
		1A0000FC0000000000000010 /* ReaderTextPositioning.swift */ = {isa = PBXFileReference; lastKnownFileType = sourcecode.swift; path = ReaderTextPositioning.swift; sourceTree = "<group>"; };
		1A0000FD0000000000000010 /* ReaderTransitionCoordinator.swift */ = {isa = PBXFileReference; lastKnownFileType = sourcecode.swift; path = ReaderTransitionCoordinator.swift; sourceTree = "<group>"; };
		1A00010F0000000000000010 /* ReaderTTSBridge.swift */ = {isa = PBXFileReference; lastKnownFileType = sourcecode.swift; path = ReaderTTSBridge.swift; sourceTree = "<group>"; };
		1A0001110000000000000010 /* ReaderPositionCalculator.swift */ = {isa = PBXFileReference; lastKnownFileType = sourcecode.swift; path = ReaderPositionCalculator.swift; sourceTree = "<group>"; };
		1A0001130000000000000010 /* ReaderTTSContextBuilder.swift */ = {isa = PBXFileReference; lastKnownFileType = sourcecode.swift; path = ReaderTTSContextBuilder.swift; sourceTree = "<group>"; };
		1A0001150000000000000010 /* ReaderPositionContextBuilder.swift */ = {isa = PBXFileReference; lastKnownFileType = sourcecode.swift; path = ReaderPositionContextBuilder.swift; sourceTree = "<group>"; };
		1A0001170000000000000010 /* ReaderModeControllerFactory.swift */ = {isa = PBXFileReference; lastKnownFileType = sourcecode.swift; path = ReaderModeControllerFactory.swift; sourceTree = "<group>"; };
		1A0001190000000000000010 /* ReaderProgressCoordinator.swift */ = {isa = PBXFileReference; lastKnownFileType = sourcecode.swift; path = ReaderProgressCoordinator.swift; sourceTree = "<group>"; };
		1A00011B0000000000000010 /* ReaderModeSwitchCoordinator.swift */ = {isa = PBXFileReference; lastKnownFileType = sourcecode.swift; path = ReaderModeSwitchCoordinator.swift; sourceTree = "<group>"; };
		1A00011D0000000000000010 /* ReaderModeSwitchContextBuilder.swift */ = {isa = PBXFileReference; lastKnownFileType = sourcecode.swift; path = ReaderModeSwitchContextBuilder.swift; sourceTree = "<group>"; };
		1A00110000000000000001 /* KeychainHelper.swift */ = {isa = PBXFileReference; lastKnownFileType = sourcecode.swift; path = KeychainHelper.swift; sourceTree = "<group>"; };
		1A00100000000000000001 /* MangaReaderViewController.swift */ = {isa = PBXFileReference; lastKnownFileType = sourcecode.swift; path = MangaReaderViewController.swift; sourceTree = "<group>"; };
		1A00120000000000000001 /* MangaReaderViewControllerLegacy.swift */ = {isa = PBXFileReference; lastKnownFileType = sourcecode.swift; path = MangaReaderViewControllerLegacy.swift; sourceTree = "<group>"; };
		1A0000D2000000000000001 /* TTSSyncController.swift */ = {isa = PBXFileReference; lastKnownFileType = sourcecode.swift; path = TTSSyncController.swift; sourceTree = "<group>"; };
		1A000006000000000000001 /* Assets.xcassets */ = {isa = PBXFileReference; lastKnownFileType = folder.assetcatalog; path = Assets.xcassets; sourceTree = "<group>"; };
		1A000008000000000000001 /* APIService.swift */ = {isa = PBXFileReference; lastKnownFileType = sourcecode.swift; path = APIService.swift; sourceTree = "<group>"; };
		A10000020000000000000001 /* APIClient.swift */ = {isa = PBXFileReference; lastKnownFileType = sourcecode.swift; path = APIClient.swift; sourceTree = "<group>"; };
		A10000040000000000000001 /* AuthService.swift */ = {isa = PBXFileReference; lastKnownFileType = sourcecode.swift; path = AuthService.swift; sourceTree = "<group>"; };
		A10000060000000000000001 /* BooksService.swift */ = {isa = PBXFileReference; lastKnownFileType = sourcecode.swift; path = BooksService.swift; sourceTree = "<group>"; };
		D10000020000000000000001 /* BookUploadService.swift */ = {isa = PBXFileReference; lastKnownFileType = sourcecode.swift; path = BookUploadService.swift; sourceTree = "<group>"; };
		D10000030000000000000001 /* InlineImageAttachment.swift */ = {isa = PBXFileReference; lastKnownFileType = sourcecode.swift; path = InlineImageAttachment.swift; sourceTree = "<group>"; };
		A10000080000000000000001 /* BookSourceService.swift */ = {isa = PBXFileReference; lastKnownFileType = sourcecode.swift; path = BookSourceService.swift; sourceTree = "<group>"; };
		A100000A0000000000000001 /* ReplaceRuleService.swift */ = {isa = PBXFileReference; lastKnownFileType = sourcecode.swift; path = ReplaceRuleService.swift; sourceTree = "<group>"; };
		A100000C0000000000000001 /* TTSService.swift */ = {isa = PBXFileReference; lastKnownFileType = sourcecode.swift; path = TTSService.swift; sourceTree = "<group>"; };
		A100000E0000000000000001 /* CacheManagementService.swift */ = {isa = PBXFileReference; lastKnownFileType = sourcecode.swift; path = CacheManagementService.swift; sourceTree = "<group>"; };
		A10000100000000000000001 /* ChapterContentCache.swift */ = {isa = PBXFileReference; lastKnownFileType = sourcecode.swift; path = ChapterContentCache.swift; sourceTree = "<group>"; };
		A10000120000000000000001 /* Data+Append.swift */ = {isa = PBXFileReference; lastKnownFileType = sourcecode.swift; path = "Data+Append.swift"; sourceTree = "<group>"; };
		A10000140000000000000001 /* ReadingTextProcessor.swift */ = {isa = PBXFileReference; lastKnownFileType = sourcecode.swift; path = ReadingTextProcessor.swift; sourceTree = "<group>"; };
		A10000180000000000000001 /* ApiEndpoints.swift */ = {isa = PBXFileReference; lastKnownFileType = sourcecode.swift; path = ApiEndpoints.swift; sourceTree = "<group>"; };
		A10000280000000000000001 /* ApiBackend.swift */ = {isa = PBXFileReference; lastKnownFileType = sourcecode.swift; path = ApiBackend.swift; sourceTree = "<group>"; };
		A100002A0000000000000001 /* ApiEndpointsReader.swift */ = {isa = PBXFileReference; lastKnownFileType = sourcecode.swift; path = ApiEndpointsReader.swift; sourceTree = "<group>"; };
		A10000160000000000000001 /* ReaderChapterBuilder.swift */ = {isa = PBXFileReference; lastKnownFileType = sourcecode.swift; path = ReaderChapterBuilder.swift; sourceTree = "<group>"; };
		1A0000F50000000000000001 /* APIModels.swift */ = {isa = PBXFileReference; lastKnownFileType = sourcecode.swift; path = APIModels.swift; sourceTree = "<group>"; };
		1A0000F70000000000000001 /* BookModels.swift */ = {isa = PBXFileReference; lastKnownFileType = sourcecode.swift; path = BookModels.swift; sourceTree = "<group>"; };
		1A0000F90000000000000001 /* ReplaceRuleModels.swift */ = {isa = PBXFileReference; lastKnownFileType = sourcecode.swift; path = ReplaceRuleModels.swift; sourceTree = "<group>"; };
		1A0000FB0000000000000001 /* TtsModels.swift */ = {isa = PBXFileReference; lastKnownFileType = sourcecode.swift; path = TtsModels.swift; sourceTree = "<group>"; };
		1A0000FD0000000000000001 /* ReadingSettingsModels.swift */ = {isa = PBXFileReference; lastKnownFileType = sourcecode.swift; path = ReadingSettingsModels.swift; sourceTree = "<group>"; };
		1A0000FF0000000000000001 /* UserPreferences.swift */ = {isa = PBXFileReference; lastKnownFileType = sourcecode.swift; path = UserPreferences.swift; sourceTree = "<group>"; };
		1A0001010000000000000001 /* ReaderSettingsStore.swift */ = {isa = PBXFileReference; lastKnownFileType = sourcecode.swift; path = ReaderSettingsStore.swift; sourceTree = "<group>"; };
		1A000012000000000000001 /* BookListView.swift */ = {isa = PBXFileReference; lastKnownFileType = sourcecode.swift; path = BookListView.swift; sourceTree = "<group>"; };
		1A000016000000000000001 /* TTSManager.swift */ = {isa = PBXFileReference; lastKnownFileType = sourcecode.swift; path = TTSManager.swift; sourceTree = "<group>"; };
		1A000018000000000000001 /* SettingsView.swift */ = {isa = PBXFileReference; lastKnownFileType = sourcecode.swift; path = SettingsView.swift; sourceTree = "<group>"; };
		1A000048000000000000006 /* SettingsSubviews.swift */ = {isa = PBXFileReference; lastKnownFileType = sourcecode.swift; path = SettingsSubviews.swift; sourceTree = "<group>"; };
		1A000020000000000000002 /* TTSSelectionView.swift */ = {isa = PBXFileReference; lastKnownFileType = sourcecode.swift; path = TTSSelectionView.swift; sourceTree = "<group>"; };
		1A000022000000000000002 /* LoginView.swift */ = {isa = PBXFileReference; lastKnownFileType = sourcecode.swift; path = LoginView.swift; sourceTree = "<group>"; };
		1A000024000000000000002 /* LogManager.swift */ = {isa = PBXFileReference; lastKnownFileType = sourcecode.swift; path = LogManager.swift; sourceTree = "<group>"; };
		1A000026000000000000002 /* HTMLContentView.swift */ = {isa = PBXFileReference; lastKnownFileType = sourcecode.swift; path = HTMLContentView.swift; sourceTree = "<group>"; };
		1A000027000000000000003 /* DocumentPicker.swift */ = {isa = PBXFileReference; lastKnownFileType = sourcecode.swift; path = DocumentPicker.swift; sourceTree = "<group>"; };
		1A00002D000000000000003 /* ReplaceRuleListView.swift */ = {isa = PBXFileReference; lastKnownFileType = sourcecode.swift; path = ReplaceRuleListView.swift; sourceTree = "<group>"; };
		1A00002E000000000000003 /* ReplaceRuleEditView.swift */ = {isa = PBXFileReference; lastKnownFileType = sourcecode.swift; path = ReplaceRuleEditView.swift; sourceTree = "<group>"; };
		1A00002F000000000000003 /* ReplaceRuleViewModel.swift */ = {isa = PBXFileReference; lastKnownFileType = sourcecode.swift; path = ReplaceRuleViewModel.swift; sourceTree = "<group>"; };
		1A000039000000000000003 /* BookSource.swift */ = {isa = PBXFileReference; lastKnownFileType = sourcecode.swift; path = BookSource.swift; sourceTree = "<group>"; };
		1A00003B000000000000003 /* SourceListViewModel.swift */ = {isa = PBXFileReference; lastKnownFileType = sourcecode.swift; path = SourceListViewModel.swift; sourceTree = "<group>"; };
		1A00003D000000000000003 /* SourceListView.swift */ = {isa = PBXFileReference; lastKnownFileType = sourcecode.swift; path = SourceListView.swift; sourceTree = "<group>"; };
		F10000010000000000000001 /* SourceExploreContainerView.swift */ = {isa = PBXFileReference; lastKnownFileType = sourcecode.swift; path = SourceExploreContainerView.swift; sourceTree = "<group>"; };
		1A00003F000000000000003 /* SourceEditView.swift */ = {isa = PBXFileReference; lastKnownFileType = sourcecode.swift; path = SourceEditView.swift; sourceTree = "<group>"; };
		1A000041000000000000004 /* BookDetailView.swift */ = {isa = PBXFileReference; lastKnownFileType = sourcecode.swift; path = BookDetailView.swift; sourceTree = "<group>"; };
		1A000043000000000000004 /* LocalCacheManager.swift */ = {isa = PBXFileReference; lastKnownFileType = sourcecode.swift; path = LocalCacheManager.swift; sourceTree = "<group>"; };
		D50000010000000000000001 /* DisplayRateManager.swift */ = {isa = PBXFileReference; lastKnownFileType = sourcecode.swift; path = DisplayRateManager.swift; sourceTree = "<group>"; };
		1A000045000000000000005 /* CacheManagementView.swift */ = {isa = PBXFileReference; lastKnownFileType = sourcecode.swift; path = CacheManagementView.swift; sourceTree = "<group>"; };
		7B4B2D6E5A2A4C7AA1F0A001 /* ViewExtensions.swift */ = {isa = PBXFileReference; lastKnownFileType = sourcecode.swift; path = ViewExtensions.swift; sourceTree = "<group>"; };
		7B4B2D6E5A2A4C7AA1F0A008 /* LiquidBackgroundView.swift */ = {isa = PBXFileReference; lastKnownFileType = sourcecode.swift; path = LiquidBackgroundView.swift; sourceTree = "<group>"; };
		7B4B2D6E5A2A4C7AA1F0A009 /* DisplaySettingsView.swift */ = {isa = PBXFileReference; lastKnownFileType = sourcecode.swift; path = DisplaySettingsView.swift; sourceTree = "<group>"; };
		7B4B2D6E5A2A4C7AA1F0A002 /* TTSEngineListView.swift */ = {isa = PBXFileReference; lastKnownFileType = sourcecode.swift; path = TTSEngineListView.swift; sourceTree = "<group>"; };
		7B4B2D6E5A2A4C7AA1F0A003 /* TTSEngineEditView.swift */ = {isa = PBXFileReference; lastKnownFileType = sourcecode.swift; path = TTSEngineEditView.swift; sourceTree = "<group>"; };
		7B4B2D6E5A2A4C7AA1F0A004 /* BookSearchResultRow.swift */ = {isa = PBXFileReference; lastKnownFileType = sourcecode.swift; path = BookSearchResultRow.swift; sourceTree = "<group>"; };
		7B4B2D6E5A2A4C7AA1F0A005 /* SourceExploreView.swift */ = {isa = PBXFileReference; lastKnownFileType = sourcecode.swift; path = SourceExploreView.swift; sourceTree = "<group>"; };
		7B4B2D6E5A2A4C7AA1F0A006 /* FullBookSource.swift */ = {isa = PBXFileReference; lastKnownFileType = sourcecode.swift; path = FullBookSource.swift; sourceTree = "<group>"; };
		7B4B2D6E5A2A4C7AA1F0A007 /* LogView.swift */ = {isa = PBXFileReference; lastKnownFileType = sourcecode.swift; path = LogView.swift; sourceTree = "<group>"; };
		B10000010000000000000001 /* RssModels.swift */ = {isa = PBXFileReference; lastKnownFileType = sourcecode.swift; path = ReadApp/Models/RssModels.swift; sourceTree = SOURCE_ROOT; };
		B10000030000000000000001 /* RssService.swift */ = {isa = PBXFileReference; lastKnownFileType = sourcecode.swift; path = RssService.swift; sourceTree = "<group>"; };
		B10000050000000000000001 /* RssSourcesViewModel.swift */ = {isa = PBXFileReference; lastKnownFileType = sourcecode.swift; path = RssSourcesViewModel.swift; sourceTree = "<group>"; };
		B10000070000000000000001 /* RssSourcesView.swift */ = {isa = PBXFileReference; lastKnownFileType = sourcecode.swift; path = RssSourcesView.swift; sourceTree = "<group>"; };
		B10000100000000000000001 /* LocalRssSourceStore.swift */ = {isa = PBXFileReference; lastKnownFileType = sourcecode.swift; path = LocalRssSourceStore.swift; sourceTree = "<group>"; };
		B10000120000000000000001 /* RssSourceEditView.swift */ = {isa = PBXFileReference; lastKnownFileType = sourcecode.swift; path = RssSourceEditView.swift; sourceTree = "<group>"; };
		B10000140000000000000001 /* RssSourceDetailView.swift */ = {isa = PBXFileReference; lastKnownFileType = sourcecode.swift; path = RssSourceDetailView.swift; sourceTree = "<group>"; };
		1A000020000000000000001 /* ReadApp.app */ = {isa = PBXFileReference; explicitFileType = wrapper.application; includeInIndex = 0; path = ReadApp.app; sourceTree = BUILT_PRODUCTS_DIR; };
		1A000021000000000000001 /* Info.plist */ = {isa = PBXFileReference; lastKnownFileType = text.plist.xml; path = Info.plist; sourceTree = "<group>"; };
/* End PBXFileReference section */

/* Begin PBXFrameworksBuildPhase section */
		1A000022000000000000001 /* Frameworks */ = {
			isa = PBXFrameworksBuildPhase;
			buildActionMask = 2147483647;
			files = (
				C20000000000000000000003 /* ZIPFoundation in Frameworks */,
			);
			runOnlyForDeploymentPostprocessing = 0;
		};
/* End PBXFrameworksBuildPhase section */

/* Begin PBXGroup section */
		1A000023000000000000001 = {
			isa = PBXGroup;
			children = (
				1A000024000000000000001 /* ReadApp */,
				1A000025000000000000001 /* Products */,
			);
			sourceTree = "<group>";
		};
		1A000024000000000000001 /* ReadApp */ = {
			isa = PBXGroup;
			children = (
				1A000021000000000000001 /* Info.plist */,
				D10000010000000000000001 /* AppDelegate.swift */,
				1A000002000000000000001 /* ReadAppApp.swift */,
				1A000004000000000000001 /* ContentView.swift */,
				1A000026000000000000001 /* Views */,
				1A000027000000000000001 /* Services */,
				1A000030000000000000002 /* ViewModels */,
				A20000100000000000000001 /* Stores */,
				1A000028000000000000001 /* Models */,
				1A000006000000000000001 /* Assets.xcassets */,
			);
			path = ReadApp;
			sourceTree = "<group>";
		};
		1A000025000000000000001 /* Products */ = {
			isa = PBXGroup;
			children = (
				1A000020000000000000001 /* ReadApp.app */,
			);
			name = Products;
			sourceTree = "<group>";
		};
		1A000026000000000000001 /* Views */ = {
			isa = PBXGroup;
			children = (
				1A0000E1000000000000001 /* Reader */,
				1A0000E2000000000000001 /* BookShelf */,
				1A0000E3000000000000001 /* Settings */,
				1A0000E4000000000000001 /* Source */,
				1A0000E5000000000000001 /* TTS */,
				1A0000E6000000000000001 /* Common */,
			);
			path = Views;
			sourceTree = "<group>";
		};
		1A0000E1000000000000001 /* Reader */ = {
			isa = PBXGroup;
			children = (
				1A000014000000000000001 /* ReadingView.swift */,
				1A000101000000000000001 /* AudioReadingView.swift */,
				1A000099000000000000001 /* VerticalTextReader.swift */,
				1A0000AA000000000000001 /* ReaderContainer.swift */,
				1A0000F9000000000000001 /* ImagePreviewViewController.swift */,
				1A0000AC000000000000005 /* HorizontalCollectionViewController.swift */,
				1A0000AC000000000000001 /* ReaderContainer+Loading.swift */,
				1A0000AD000000000000001 /* ReaderContainer+Navigation.swift */,
				1A0000AE000000000000001 /* ReaderContainer+Layout.swift */,
				1A0000AF000000000000001 /* ReaderContainer+Prefetch.swift */,
				1A0000F10000000000000001 /* ReaderPrefetchCoordinator.swift */,
				1A0001F50000000000000001 /* ReaderInteractionCoordinator.swift */,
				1A0001F70000000000000001 /* ReaderLayoutManager.swift */,
				1A0000B2000000000000001 /* ReadingControls.swift */,
				1A0000B3000000000000001 /* ReadingCoreTypes.swift */,
				1A0000B4000000000000001 /* ReadingSubViews.swift */,
				1A0000B5000000000000001 /* ReadingTextKit2Support.swift */,
				1A0000B6000000000000001 /* ReadingMangaViews.swift */,
				1A0000B7000000000000001 /* ReadingChapterLifecycle.swift */,
				1A0000B8000000000000001 /* ReadingContentProcessing.swift */,
				1A0000B9000000000000001 /* ReadingProgress.swift */,
				1A0000D0000000000000001 /* ChapterPrefetcher.swift */,
				1A0000D1000000000000001 /* ReadingPosition.swift */,
				1A0000F90000000000000010 /* ReaderMath.swift */,
				1A0000FA0000000000000010 /* ReaderProgressFormatter.swift */,
				1A0000FB0000000000000010 /* ReaderSeamlessSwitchCoordinator.swift */,
				1A0000FC0000000000000010 /* ReaderTextPositioning.swift */,
				1A0000FD0000000000000010 /* ReaderTransitionCoordinator.swift */,
				1A00010F0000000000000010 /* ReaderTTSBridge.swift */,
				1A0001110000000000000010 /* ReaderPositionCalculator.swift */,
				1A0001130000000000000010 /* ReaderTTSContextBuilder.swift */,
				1A0001150000000000000010 /* ReaderPositionContextBuilder.swift */,
				1A0001170000000000000010 /* ReaderModeControllerFactory.swift */,
				1A0001190000000000000010 /* ReaderProgressCoordinator.swift */,
				1A00011B0000000000000010 /* ReaderModeSwitchCoordinator.swift */,
				1A00011D0000000000000010 /* ReaderModeSwitchContextBuilder.swift */,
				1A00100000000000000001 /* MangaReaderViewController.swift */,
				1A00120000000000000001 /* MangaReaderViewControllerLegacy.swift */,
			);
			path = Reader;
			sourceTree = "<group>";
		};
		1A0000E2000000000000001 /* BookShelf */ = {
			isa = PBXGroup;
			children = (
				1A000041000000000000004 /* BookDetailView.swift */,
				1A000012000000000000001 /* BookListView.swift */,
				BAB63DA0BD6B444CB662FB56 /* BookSearchView.swift */,
				7B4B2D6E5A2A4C7AA1F0A004 /* BookSearchResultRow.swift */,
			);
			path = BookShelf;
			sourceTree = "<group>";
		};
		1A0000E3000000000000001 /* Settings */ = {
			isa = PBXGroup;
			children = (
				1A000018000000000000001 /* SettingsView.swift */,
				7B4B2D6E5A2A4C7AA1F0A009 /* DisplaySettingsView.swift */,
				1A000048000000000000006 /* SettingsSubviews.swift */,
				1A000045000000000000005 /* CacheManagementView.swift */,
				7B4B2D6E5A2A4C7AA1F0A007 /* LogView.swift */,
				1A00002D000000000000003 /* ReplaceRuleListView.swift */,
				1A00002E000000000000003 /* ReplaceRuleEditView.swift */,
			);
			path = Settings;
			sourceTree = "<group>";
		};
		1A0000E4000000000000001 /* Source */ = {
			isa = PBXGroup;
			children = (
				1A00003D000000000000003 /* SourceListView.swift */,
				F10000010000000000000001 /* SourceExploreContainerView.swift */,
				1A00003F000000000000003 /* SourceEditView.swift */,
				7B4B2D6E5A2A4C7AA1F0A005 /* SourceExploreView.swift */,
				B10000070000000000000001 /* RssSourcesView.swift */,
				B10000120000000000000001 /* RssSourceEditView.swift */,
				B10000140000000000000001 /* RssSourceDetailView.swift */,
			);
			path = Source;
			sourceTree = "<group>";
		};
		1A0000E5000000000000001 /* TTS */ = {
			isa = PBXGroup;
			children = (
				1A000020000000000000002 /* TTSSelectionView.swift */,
				7B4B2D6E5A2A4C7AA1F0A002 /* TTSEngineListView.swift */,
				7B4B2D6E5A2A4C7AA1F0A003 /* TTSEngineEditView.swift */,
				1A0000D2000000000000001 /* TTSSyncController.swift */,
				1A0000F30000000000000001 /* TTSReadingSyncCoordinator.swift */,
			);
			path = TTS;
			sourceTree = "<group>";
		};
		1A0000E6000000000000001 /* Common */ = {
			isa = PBXGroup;
			children = (
				1A000027000000000000003 /* DocumentPicker.swift */,
				1A000026000000000000002 /* HTMLContentView.swift */,
				1A000022000000000000002 /* LoginView.swift */,
				1A0000FB000000000000001 /* ActivityView.swift */,
				1A0000FD000000000000001 /* ToastView.swift */,
				1A0000FF000000000000001 /* SelectableMessageSheet.swift */,
				1A000141000000000000001 /* MarqueeText.swift */,
				A20000070000000000000001 /* CachedRemoteImage.swift */,
				7B4B2D6E5A2A4C7AA1F0A001 /* ViewExtensions.swift */,
				7B4B2D6E5A2A4C7AA1F0A008 /* LiquidBackgroundView.swift */,
			);
			path = Common;
			sourceTree = "<group>";
		};
		1A000030000000000000002 /* ViewModels */ = {
			isa = PBXGroup;
			children = (
				1A00002F000000000000003 /* ReplaceRuleViewModel.swift */,
				1A00003B000000000000003 /* SourceListViewModel.swift */,
				0A79963738344134ACDF2305 /* BookSearchViewModel.swift */,
				A20000060000000000000001 /* BookshelfListViewModel.swift */,
				B10000050000000000000001 /* RssSourcesViewModel.swift */,
			);
			path = ViewModels;
			sourceTree = "<group>";
		};
		A20000100000000000000001 /* Stores */ = {
			isa = PBXGroup;
			children = (
				A20000010000000000000001 /* BookshelfStore.swift */,
				A20000020000000000000001 /* SourceStore.swift */,
			);
			path = Stores;
			sourceTree = "<group>";
		};
		1A000027000000000000001 /* Services */ = {
			isa = PBXGroup;
			children = (
				1A00110000000000000001 /* KeychainHelper.swift */,
				C10000010000000000000001 /* MangaImageService.swift */,
				C10000030000000000000001 /* MangaImageExtractor.swift */,
				C10000040000000000000001 /* MangaImageNormalizer.swift */,
				C10000050000000000000001 /* MangaImageNormalizationRules.swift */,
				C10000020000000000000001 /* OfflineDownloadManager.swift */,
				C10000060000000000000001 /* PackageDownloadManager.swift */,
				CA1D6F0B56486D3FEE732E99 /* MangaAntiScrapingService.swift */,
				A20000030000000000000001 /* FontManager.swift */,
				A20000040000000000000001 /* ReaderFontProvider.swift */,
				A20000110000000000000001 /* ImageCache.swift */,
				1A000043000000000000004 /* LocalCacheManager.swift */,
				1A000008000000000000001 /* APIService.swift */,
				A10000020000000000000001 /* APIClient.swift */,
				A10000040000000000000001 /* AuthService.swift */,
				A10000060000000000000001 /* BooksService.swift */,
				D10000020000000000000001 /* BookUploadService.swift */,
				D10000030000000000000001 /* InlineImageAttachment.swift */,
				A10000080000000000000001 /* BookSourceService.swift */,
				A100000A0000000000000001 /* ReplaceRuleService.swift */,
				A100000C0000000000000001 /* TTSService.swift */,
				A100000E0000000000000001 /* CacheManagementService.swift */,
				A10000100000000000000001 /* ChapterContentCache.swift */,
				A10000120000000000000001 /* Data+Append.swift */,
				A10000140000000000000001 /* ReadingTextProcessor.swift */,
				D50000010000000000000001 /* DisplayRateManager.swift */,
				A10000180000000000000001 /* ApiEndpoints.swift */,
				A10000280000000000000001 /* ApiBackend.swift */,
				A100002A0000000000000001 /* ApiEndpointsReader.swift */,
				A10000160000000000000001 /* ReaderChapterBuilder.swift */,
				1A000016000000000000001 /* TTSManager.swift */,
				1A000024000000000000002 /* LogManager.swift */,
				B10000030000000000000001 /* RssService.swift */,
			);
			path = Services;
			sourceTree = "<group>";
		};
		1A000028000000000000001 /* Models */ = {
			isa = PBXGroup;
			children = (
				1A0000F50000000000000001 /* APIModels.swift */,
				1A0000F70000000000000001 /* BookModels.swift */,
				1A0000F90000000000000001 /* ReplaceRuleModels.swift */,
				1A0000FB0000000000000001 /* TtsModels.swift */,
				1A0000FD0000000000000001 /* ReadingSettingsModels.swift */,
				A20000050000000000000001 /* ReadingThemeColors.swift */,
				B10000100000000000000001 /* LocalRssSourceStore.swift */,
				1A0000FF0000000000000001 /* UserPreferences.swift */,
				1A0001010000000000000001 /* ReaderSettingsStore.swift */,
				1A000039000000000000003 /* BookSource.swift */,
				7B4B2D6E5A2A4C7AA1F0A006 /* FullBookSource.swift */,
				B10000010000000000000001 /* RssModels.swift */,
			);
			path = Models;
			sourceTree = "<group>";
		};
/* End PBXGroup section */

/* Begin PBXNativeTarget section */
		1A000029000000000000001 /* ReadApp */ = {
			isa = PBXNativeTarget;
			buildConfigurationList = 1A000030000000000000001 /* Build configuration list for PBXNativeTarget "ReadApp" */;
			buildPhases = (
				1A000031000000000000001 /* Sources */,
				1A000022000000000000001 /* Frameworks */,
				1A000032000000000000001 /* Resources */,
			);
			buildRules = (
			);
			dependencies = (
			);
			packageProductDependencies = (
				C20000000000000000000002 /* ZIPFoundation */,
			);
			name = ReadApp;
			productName = ReadApp;
			productReference = 1A000020000000000000001 /* ReadApp.app */;
			productType = "com.apple.product-type.application";
		};
/* End PBXNativeTarget section */

/* Begin PBXProject section */
		1A000033000000000000001 /* Project object */ = {
			isa = PBXProject;
			attributes = {
				BuildIndependentTargetsInParallel = 1;
				LastSwiftUpdateCheck = 1500;
				LastUpgradeCheck = 1500;
				TargetAttributes = {
					1A000029000000000000001 = {
						CreatedOnToolsVersion = 15.0;
					};
				};
			};
			buildConfigurationList = 1A000034000000000000001 /* Build configuration list for PBXProject "ReadApp" */;
			compatibilityVersion = "Xcode 14.0";
			developmentRegion = en;
			hasScannedForEncodings = 0;
			knownRegions = (
				en,
				Base,
			);
			mainGroup = 1A000023000000000000001;
			packageReferences = (
				C20000000000000000000001 /* XCRemoteSwiftPackageReference "ZIPFoundation" */,
			);
			productRefGroup = 1A000025000000000000001 /* Products */;
			projectDirPath = "";
			projectRoot = "";
			targets = (
				1A000029000000000000001 /* ReadApp */,
			);
		};
/* End PBXProject section */

/* Begin PBXResourcesBuildPhase section */
		1A000032000000000000001 /* Resources */ = {
			isa = PBXResourcesBuildPhase;
			buildActionMask = 2147483647;
			files = (
				1A000005000000000000001 /* Assets.xcassets in Resources */,
			);
			runOnlyForDeploymentPostprocessing = 0;
		};
/* End PBXResourcesBuildPhase section */

/* Begin PBXSourcesBuildPhase section */
		1A000031000000000000001 /* Sources */ = {
			isa = PBXSourcesBuildPhase;
			buildActionMask = 2147483647;
			files = (
				C10000010000000000000002 /* MangaImageService.swift in Sources */,
				C10000030000000000000002 /* MangaImageExtractor.swift in Sources */,
				C10000040000000000000002 /* MangaImageNormalizer.swift in Sources */,
				C10000050000000000000002 /* MangaImageNormalizationRules.swift in Sources */,
				C10000020000000000000002 /* OfflineDownloadManager.swift in Sources */,
				C10000060000000000000002 /* PackageDownloadManager.swift in Sources */,
				CB32C6E6EEB05D59848CC517 /* MangaAntiScrapingService.swift in Sources */,
				D50000020000000000000001 /* DisplayRateManager.swift in Sources */,
				1A000001000000000000001 /* ReadAppApp.swift in Sources */,
				D10000010000000000000002 /* AppDelegate.swift in Sources */,
				1A000003000000000000001 /* ContentView.swift in Sources */,
				1A000013000000000000001 /* ReadingView.swift in Sources */,
				1A000098000000000000001 /* VerticalTextReader.swift in Sources */,
				1A0000AB000000000000001 /* ReaderContainer.swift in Sources */,
				1A0000FA000000000000001 /* ImagePreviewViewController.swift in Sources */,
				1A0000AB000000000000005 /* HorizontalCollectionViewController.swift in Sources */,
				A200000E0000000000000001 /* CachedRemoteImage.swift in Sources */,
				A200000D0000000000000001 /* BookshelfListViewModel.swift in Sources */,
				A20000080000000000000001 /* BookshelfStore.swift in Sources */,
				A20000090000000000000001 /* SourceStore.swift in Sources */,
				A200000A0000000000000001 /* FontManager.swift in Sources */,
				A200000B0000000000000001 /* ReaderFontProvider.swift in Sources */,
				A200000C0000000000000001 /* ReadingThemeColors.swift in Sources */,
				A200000F0000000000000001 /* ImageCache.swift in Sources */,
				1A0000BA000000000000001 /* ReaderContainer+Loading.swift in Sources */,
				1A0000BB000000000000001 /* ReaderContainer+Navigation.swift in Sources */,
				1A0000BC000000000000001 /* ReaderContainer+Layout.swift in Sources */,
				1A0000BD000000000000001 /* ReaderContainer+Prefetch.swift in Sources */,
				1A0000F20000000000000001 /* ReaderPrefetchCoordinator.swift in Sources */,
				1A0001F60000000000000001 /* ReaderInteractionCoordinator.swift in Sources */,
				1A0001F80000000000000001 /* ReaderLayoutManager.swift in Sources */,
				1A0000F40000000000000001 /* TTSReadingSyncCoordinator.swift in Sources */,
				1A0000C2000000000000001 /* ReadingControls.swift in Sources */,
				1A0000C3000000000000001 /* ReadingCoreTypes.swift in Sources */,
				1A0000C4000000000000001 /* ReadingSubViews in Sources */,
				1A0000C5000000000000001 /* ReadingTextKit2Support in Sources */,
				1A0000C6000000000000001 /* ReadingMangaViews in Sources */,
				1A0000C7000000000000001 /* ReadingChapterLifecycle in Sources */,
				1A0000FC000000000000001 /* ActivityView.swift in Sources */,
				1A0000FE000000000000001 /* ToastView.swift in Sources */,
				1A000100000000000000001 /* SelectableMessageSheet.swift in Sources */,
				1A000140000000000000001 /* MarqueeText.swift in Sources */,
				1A000102000000000000001 /* AudioReadingView.swift in Sources */,
				1A0000C8000000000000001 /* ReadingContentProcessing in Sources */,
				1A0000C9000000000000001 /* ReadingProgress in Sources */,
				1A0000D3000000000000001 /* ChapterPrefetcher.swift in Sources */,
				1A0000D4000000000000001 /* ReadingPosition.swift in Sources */,
				1A0000FA000000000000010 /* ReaderMath.swift in Sources */,
				1A0000FB000000000000010 /* ReaderProgressFormatter.swift in Sources */,
				1A0000FC000000000000010 /* ReaderSeamlessSwitchCoordinator.swift in Sources */,
				1A0000FD000000000000010 /* ReaderTextPositioning.swift in Sources */,
				1A0000FE000000000000010 /* ReaderTransitionCoordinator.swift in Sources */,
				1A000110000000000000010 /* ReaderTTSBridge.swift in Sources */,
				1A000112000000000000010 /* ReaderPositionCalculator.swift in Sources */,
				1A000114000000000000010 /* ReaderTTSContextBuilder.swift in Sources */,
				1A000116000000000000010 /* ReaderPositionContextBuilder.swift in Sources */,
				1A000118000000000000010 /* ReaderModeControllerFactory.swift in Sources */,
				1A00011A000000000000010 /* ReaderProgressCoordinator.swift in Sources */,
				1A00011C000000000000010 /* ReaderModeSwitchCoordinator.swift in Sources */,
				1A00011E000000000000010 /* ReaderModeSwitchContextBuilder.swift in Sources */,
				1A00110100000000000001 /* KeychainHelper.swift in Sources */,
				1A00100100000000000001 /* MangaReaderViewController.swift in Sources */,
				1A00120100000000000001 /* MangaReaderViewControllerLegacy.swift in Sources */,
				1A0000D5000000000000001 /* TTSSyncController.swift in Sources */,
				1A000007000000000000001 /* APIService.swift in Sources */,
				A10000010000000000000001 /* APIClient.swift in Sources */,
				A10000030000000000000001 /* AuthService.swift in Sources */,
				A10000050000000000000001 /* BooksService.swift in Sources */,
				D10000020000000000000002 /* BookUploadService.swift in Sources */,
				D10000030000000000000002 /* InlineImageAttachment.swift in Sources */,
				A10000070000000000000001 /* BookSourceService.swift in Sources */,
				A10000090000000000000001 /* ReplaceRuleService.swift in Sources */,
				A100000B0000000000000001 /* TTSService.swift in Sources */,
				A100000D0000000000000001 /* CacheManagementService.swift in Sources */,
				A100000F0000000000000001 /* ChapterContentCache.swift in Sources */,
				A10000110000000000000001 /* Data+Append.swift in Sources */,
				A10000130000000000000001 /* ReadingTextProcessor.swift in Sources */,
				A10000170000000000000001 /* ApiEndpoints.swift in Sources */,
				A10000270000000000000001 /* ApiBackend.swift in Sources */,
				A10000290000000000000001 /* ApiEndpointsReader.swift in Sources */,
				A10000150000000000000001 /* ReaderChapterBuilder.swift in Sources */,
				1A0000F60000000000000001 /* APIModels.swift in Sources */,
				1A0000F80000000000000001 /* BookModels.swift in Sources */,
				1A0000FA0000000000000001 /* ReplaceRuleModels.swift in Sources */,
				1A0000FC0000000000000001 /* TtsModels.swift in Sources */,
				1A0000FE0000000000000001 /* ReadingSettingsModels.swift in Sources */,
				1A0001000000000000000001 /* UserPreferences.swift in Sources */,
				1A0001020000000000000001 /* ReaderSettingsStore.swift in Sources */,
				1A00003A000000000000003 /* BookSource.swift in Sources */,
				1A000011000000000000001 /* BookListView.swift in Sources */,
				1A00003E000000000000003 /* SourceListView.swift in Sources */,
				F10000010000000000000002 /* SourceExploreContainerView.swift in Sources */,
				1A000040000000000000003 /* SourceEditView.swift in Sources */,
				1A000015000000000000001 /* TTSManager.swift in Sources */,
				1A000017000000000000001 /* SettingsView.swift in Sources */,
				7B4B2D6E5A2A4C7AA1F0B009 /* DisplaySettingsView.swift in Sources */,
				1A000047000000000000006 /* SettingsSubviews.swift in Sources */,
				1A000019000000000000001 /* TTSSelectionView.swift in Sources */,
				7B4B2D6E5A2A4C7AA1F0B002 /* TTSEngineListView.swift in Sources */,
				7B4B2D6E5A2A4C7AA1F0B003 /* TTSEngineEditView.swift in Sources */,
				7B4B2D6E5A2A4C7AA1F0B001 /* ViewExtensions.swift in Sources */,
				7B4B2D6E5A2A4C7AA1F0B008 /* LiquidBackgroundView.swift in Sources */,
				7B4B2D6E5A2A4C7AA1F0B004 /* BookSearchResultRow.swift in Sources */,
				7B4B2D6E5A2A4C7AA1F0B005 /* SourceExploreView.swift in Sources */,
				7B4B2D6E5A2A4C7AA1F0B006 /* FullBookSource.swift in Sources */,
				7B4B2D6E5A2A4C7AA1F0B007 /* LogView.swift in Sources */,
				1A000021000000000000002 /* LoginView.swift in Sources */,
				1A000023000000000000002 /* LogManager.swift in Sources */,
				B10000020000000000000001 /* RssModels.swift in Sources */,
				B10000040000000000000001 /* RssService.swift in Sources */,
				B10000060000000000000001 /* RssSourcesViewModel.swift in Sources */,
				B10000080000000000000001 /* RssSourcesView.swift in Sources */,
				B10000110000000000000001 /* LocalRssSourceStore.swift in Sources */,
				B10000130000000000000001 /* RssSourceEditView.swift in Sources */,
				B10000150000000000000001 /* RssSourceDetailView.swift in Sources */,
				1A000025000000000000002 /* HTMLContentView.swift in Sources */,
				1A000028000000000000003 /* DocumentPicker.swift in Sources */,
				1A00002A000000000000003 /* ReplaceRuleListView.swift in Sources */,
				1A00002B000000000000003 /* ReplaceRuleEditView.swift in Sources */,
				1A00002C000000000000003 /* ReplaceRuleViewModel.swift in Sources */,
				1A00003C000000000000003 /* SourceListViewModel.swift in Sources */,
				2A83F7C979DC464A96CE4D4C /* BookSearchView.swift in Sources */,
				72FDB17ADA4241E9BF6A5BB9 /* BookSearchViewModel.swift in Sources */,
				1A000042000000000000004 /* BookDetailView.swift in Sources */,
				1A000044000000000000004 /* LocalCacheManager.swift in Sources */,
				1A000046000000000000005 /* CacheManagementView.swift in Sources */,
			);
			runOnlyForDeploymentPostprocessing = 0;
		};
/* End PBXSourcesBuildPhase section */

/* Begin XCBuildConfiguration section */
		1A000035000000000000001 /* Debug */ = {
			isa = XCBuildConfiguration;
			buildSettings = {
				ALWAYS_SEARCH_USER_PATHS = NO;
				ASSETCATALOG_COMPILER_GENERATE_SWIFT_ASSET_SYMBOL_EXTENSIONS = YES;
				CLANG_ANALYZER_NONNULL = YES;
				CLANG_ANALYZER_NUMBER_OBJECT_CONVERSION = YES_AGGRESSIVE;
				CLANG_CXX_LANGUAGE_STANDARD = "gnu++20";
				CLANG_ENABLE_MODULES = YES;
				CLANG_ENABLE_OBJC_ARC = YES;
				CLANG_ENABLE_OBJC_WEAK = YES;
				CLANG_WARN_BLOCK_CAPTURE_AUTORELEASING = YES;
				CLANG_WARN_BOOL_CONVERSION = YES;
				CLANG_WARN_COMMA = YES;
				CLANG_WARN_CONSTANT_CONVERSION = YES;
				CLANG_WARN_DEPRECATED_OBJC_IMPLEMENTATIONS = YES;
				CLANG_WARN_DIRECT_OBJC_ISA_USAGE = YES_ERROR;
				CLANG_WARN_DOCUMENTATION_COMMENTS = YES;
				CLANG_WARN_EMPTY_BODY = YES;
				CLANG_WARN_ENUM_CONVERSION = YES;
				CLANG_WARN_INFINITE_RECURSION = YES;
				CLANG_WARN_INT_CONVERSION = YES;
				CLANG_WARN_NON_LITERAL_NULL_CONVERSION = YES;
				CLANG_WARN_OBJC_IMPLICIT_RETAIN_SELF = YES;
				CLANG_WARN_OBJC_LITERAL_CONVERSION = YES;
				CLANG_WARN_OBJC_ROOT_CLASS = YES_ERROR;
				CLANG_WARN_QUOTED_INCLUDE_IN_FRAMEWORK_HEADER = YES;
				CLANG_WARN_RANGE_LOOP_ANALYSIS = YES;
				CLANG_WARN_STRICT_PROTOTYPES = YES;
				CLANG_WARN_SUSPICIOUS_MOVE = YES;
				CLANG_WARN_UNGUARDED_AVAILABILITY = YES_AGGRESSIVE;
				CLANG_WARN_UNREACHABLE_CODE = YES;
				CLANG_WARN__DUPLICATE_METHOD_MATCH = YES;
				COPY_PHASE_STRIP = NO;
				DEBUG_INFORMATION_FORMAT = dwarf;
				ENABLE_STRICT_OBJC_MSGSEND = YES;
				ENABLE_TESTABILITY = YES;
				ENABLE_USER_SCRIPT_SANDBOXING = YES;
				GCC_C_LANGUAGE_STANDARD = gnu17;
				GCC_DYNAMIC_NO_PIC = NO;
				GCC_NO_COMMON_BLOCKS = YES;
				GCC_OPTIMIZATION_LEVEL = 0;
				GCC_PREPROCESSOR_DEFINITIONS = (
					"DEBUG=1",
					"$(inherited)",
				);
				GCC_WARN_64_TO_32_BIT_CONVERSION = YES;
				GCC_WARN_ABOUT_RETURN_TYPE = YES_ERROR;
				GCC_WARN_UNDECLARED_SELECTOR = YES;
				GCC_WARN_UNINITIALIZED_AUTOS = YES_AGGRESSIVE;
				GCC_WARN_UNUSED_FUNCTION = YES;
				GCC_WARN_UNUSED_VARIABLE = YES;
				IPHONEOS_DEPLOYMENT_TARGET = 15.0;
				LOCALIZATION_PREFERS_STRING_CATALOGS = YES;
				MTL_ENABLE_DEBUG_INFO = INCLUDE_SOURCE;
				MTL_FAST_MATH = YES;
				ONLY_ACTIVE_ARCH = YES;
				SDKROOT = iphoneos;
				SWIFT_ACTIVE_COMPILATION_CONDITIONS = "DEBUG $(inherited)";
				SWIFT_OPTIMIZATION_LEVEL = "-Onone";
			};
			name = Debug;
		};
		1A000036000000000000001 /* Release */ = {
			isa = XCBuildConfiguration;
			buildSettings = {
				ALWAYS_SEARCH_USER_PATHS = NO;
				ASSETCATALOG_COMPILER_GENERATE_SWIFT_ASSET_SYMBOL_EXTENSIONS = YES;
				CLANG_ANALYZER_NONNULL = YES;
				CLANG_ANALYZER_NUMBER_OBJECT_CONVERSION = YES_AGGRESSIVE;
				CLANG_CXX_LANGUAGE_STANDARD = "gnu++20";
				CLANG_ENABLE_MODULES = YES;
				CLANG_ENABLE_OBJC_ARC = YES;
				CLANG_ENABLE_OBJC_WEAK = YES;
				CLANG_WARN_BLOCK_CAPTURE_AUTORELEASING = YES;
				CLANG_WARN_BOOL_CONVERSION = YES;
				CLANG_WARN_COMMA = YES;
				CLANG_WARN_CONSTANT_CONVERSION = YES;
				CLANG_WARN_DEPRECATED_OBJC_IMPLEMENTATIONS = YES;
				CLANG_WARN_DIRECT_OBJC_ISA_USAGE = YES_ERROR;
				CLANG_WARN_DOCUMENTATION_COMMENTS = YES;
				CLANG_WARN_EMPTY_BODY = YES;
				CLANG_WARN_ENUM_CONVERSION = YES;
				CLANG_WARN_INFINITE_RECURSION = YES;
				CLANG_WARN_INT_CONVERSION = YES;
				CLANG_WARN_NON_LITERAL_NULL_CONVERSION = YES;
				CLANG_WARN_OBJC_IMPLICIT_RETAIN_SELF = YES;
				CLANG_WARN_OBJC_LITERAL_CONVERSION = YES;
				CLANG_WARN_OBJC_ROOT_CLASS = YES_ERROR;
				CLANG_WARN_QUOTED_INCLUDE_IN_FRAMEWORK_HEADER = YES;
				CLANG_WARN_RANGE_LOOP_ANALYSIS = YES;
				CLANG_WARN_STRICT_PROTOTYPES = YES;
				CLANG_WARN_SUSPICIOUS_MOVE = YES;
				CLANG_WARN_UNGUARDED_AVAILABILITY = YES_AGGRESSIVE;
				CLANG_WARN_UNREACHABLE_CODE = YES;
				CLANG_WARN__DUPLICATE_METHOD_MATCH = YES;
				COPY_PHASE_STRIP = NO;
				DEBUG_INFORMATION_FORMAT = "dwarf-with-dsym";
				ENABLE_NS_ASSERTIONS = NO;
				ENABLE_STRICT_OBJC_MSGSEND = YES;
				ENABLE_USER_SCRIPT_SANDBOXING = YES;
				GCC_C_LANGUAGE_STANDARD = gnu17;
				GCC_NO_COMMON_BLOCKS = YES;
				GCC_WARN_64_TO_32_BIT_CONVERSION = YES;
				GCC_WARN_ABOUT_RETURN_TYPE = YES_ERROR;
				GCC_WARN_UNDECLARED_SELECTOR = YES;
				GCC_WARN_UNINITIALIZED_AUTOS = YES_AGGRESSIVE;
				GCC_WARN_UNUSED_FUNCTION = YES;
				GCC_WARN_UNUSED_VARIABLE = YES;
				IPHONEOS_DEPLOYMENT_TARGET = 15.0;
				LOCALIZATION_PREFERS_STRING_CATALOGS = YES;
				MTL_ENABLE_DEBUG_INFO = NO;
				MTL_FAST_MATH = YES;
				SDKROOT = iphoneos;
				SWIFT_COMPILATION_MODE = wholemodule;
				VALIDATE_PRODUCT = YES;
			};
			name = Release;
		};
		1A000037000000000000001 /* Debug */ = {
			isa = XCBuildConfiguration;
			buildSettings = {
				ASSETCATALOG_COMPILER_APPICON_NAME = AppIcon;
				ASSETCATALOG_COMPILER_GLOBAL_ACCENT_COLOR_NAME = AccentColor;
				CODE_SIGN_STYLE = Automatic;
				CURRENT_PROJECT_VERSION = 1;
				DEVELOPMENT_ASSET_PATHS = "";
				ENABLE_PREVIEWS = YES;
				GENERATE_INFOPLIST_FILE = NO;
				INFOPLIST_FILE = ReadApp/Info.plist;
				INFOPLIST_KEY_UIApplicationSceneManifest_Generation = YES;
				INFOPLIST_KEY_UIApplicationSupportsIndirectInputEvents = YES;
				INFOPLIST_KEY_UILaunchScreen_Generation = YES;
				INFOPLIST_KEY_UISupportedInterfaceOrientations = "UIInterfaceOrientationPortrait UIInterfaceOrientationLandscapeLeft UIInterfaceOrientationLandscapeRight";
				INFOPLIST_KEY_UISupportedInterfaceOrientations_iPad = "UIInterfaceOrientationPortrait UIInterfaceOrientationPortraitUpsideDown UIInterfaceOrientationLandscapeLeft UIInterfaceOrientationLandscapeRight";
				LD_RUNPATH_SEARCH_PATHS = (
					"$(inherited)",
					"@executable_path/Frameworks",
				);
				MARKETING_VERSION = 1.0;
				PRODUCT_BUNDLE_IDENTIFIER = com.readapp.ios;
				PRODUCT_NAME = "$(TARGET_NAME)";
				SWIFT_EMIT_LOC_STRINGS = YES;
				SWIFT_VERSION = 5.0;
				TARGETED_DEVICE_FAMILY = "1,2";
			};
			name = Debug;
		};
		1A000038000000000000001 /* Release */ = {
			isa = XCBuildConfiguration;
			buildSettings = {
				ASSETCATALOG_COMPILER_APPICON_NAME = AppIcon;
				ASSETCATALOG_COMPILER_GLOBAL_ACCENT_COLOR_NAME = AccentColor;
				CODE_SIGN_STYLE = Automatic;
				CURRENT_PROJECT_VERSION = 1;
				DEVELOPMENT_ASSET_PATHS = "";
				ENABLE_PREVIEWS = YES;
				GENERATE_INFOPLIST_FILE = NO;
				INFOPLIST_FILE = ReadApp/Info.plist;
				INFOPLIST_KEY_UIApplicationSceneManifest_Generation = YES;
				INFOPLIST_KEY_UIApplicationSupportsIndirectInputEvents = YES;
				INFOPLIST_KEY_UILaunchScreen_Generation = YES;
				INFOPLIST_KEY_UISupportedInterfaceOrientations = "UIInterfaceOrientationPortrait UIInterfaceOrientationLandscapeLeft UIInterfaceOrientationLandscapeRight";
				INFOPLIST_KEY_UISupportedInterfaceOrientations_iPad = "UIInterfaceOrientationPortrait UIInterfaceOrientationPortraitUpsideDown UIInterfaceOrientationLandscapeLeft UIInterfaceOrientationLandscapeRight";
				LD_RUNPATH_SEARCH_PATHS = (
					"$(inherited)",
					"@executable_path/Frameworks",
				);
				MARKETING_VERSION = 1.0;
				PRODUCT_BUNDLE_IDENTIFIER = com.readapp.ios;
				PRODUCT_NAME = "$(TARGET_NAME)";
				SWIFT_EMIT_LOC_STRINGS = YES;
				SWIFT_VERSION = 5.0;
				TARGETED_DEVICE_FAMILY = "1,2";
			};
			name = Release;
		};
/* End XCBuildConfiguration section */

/* Begin XCRemoteSwiftPackageReference section */
		C20000000000000000000001 /* XCRemoteSwiftPackageReference "ZIPFoundation" */ = {
			isa = XCRemoteSwiftPackageReference;
			repositoryURL = "https://github.com/weichsel/ZIPFoundation";
			requirement = {
				kind = upToNextMajorVersion;
				minimumVersion = 0.9.19;
			};
		};
/* End XCRemoteSwiftPackageReference section */

/* Begin XCSwiftPackageProductDependency section */
		C20000000000000000000002 /* ZIPFoundation */ = {
			isa = XCSwiftPackageProductDependency;
			package = C20000000000000000000001 /* XCRemoteSwiftPackageReference "ZIPFoundation" */;
			productName = ZIPFoundation;
		};
/* End XCSwiftPackageProductDependency section */

/* Begin XCConfigurationList section */
		1A000030000000000000001 /* Build configuration list for PBXNativeTarget "ReadApp" */ = {
			isa = XCConfigurationList;
			buildConfigurations = (
				1A000037000000000000001 /* Debug */,
				1A000038000000000000001 /* Release */,
			);
			defaultConfigurationIsVisible = 0;
			defaultConfigurationName = Release;
		};
		1A000034000000000000001 /* Build configuration list for PBXProject "ReadApp" */ = {
			isa = XCConfigurationList;
			buildConfigurations = (
				1A000035000000000000001 /* Debug */,
				1A000036000000000000001 /* Release */,
			);
			defaultConfigurationIsVisible = 0;
			defaultConfigurationName = Release;
		};
/* End XCConfigurationList section */
	};
	rootObject = 1A000033000000000000001 /* Project object */;
}
